
Microsoft Visual Studio Solution File, Format Version 12.00
# Visual Studio Version 17
VisualStudioVersion = 17.4.33205.214
MinimumVisualStudioVersion = 10.0.40219.1
Project("{9A19103F-16F7-4668-BE54-9A1E7A4F7556}") = "GitStractor", "GitStractor\GitStractor.csproj", "{3AB099FB-585C-4BE2-B5DF-A5EDE6C58A30}"
EndProject
Project("{9A19103F-16F7-4668-BE54-9A1E7A4F7556}") = "GitStract", "GitStract\GitStract.csproj", "{E7CC5ED3-6FBE-47C6-978D-5614810D05BA}"
EndProject
Project("{2150E333-8FDC-42A3-9474-1A3956D46DE8}") = "Solution Items", "Solution Items", "{A78DB2FF-6C51-4B25-8CA5-ACE313888DCE}"
	ProjectSection(SolutionItems) = preProject
		..\LICENSE = ..\LICENSE
		..\README.md = ..\README.md
	EndProjectSection
EndProject
Project("{9A19103F-16F7-4668-BE54-9A1E7A4F7556}") = "GitStractor.Tests", "GitStractor.Tests\GitStractor.Tests.csproj", "{52163168-5AFC-4437-93D2-51B58EEEA682}"
EndProject
Project("{FAE04EC0-301F-11D3-BF4B-00C04F79EFBC}") = "GitStractor.Desktop", "GitStractor.Desktop\GitStractor.Desktop.csproj", "{B508C3E1-4011-4F38-9266-FACBCED7FA82}"
EndProject
Global
	GlobalSection(SolutionConfigurationPlatforms) = preSolution
		Debug|Any CPU = Debug|Any CPU
		Release|Any CPU = Release|Any CPU
	EndGlobalSection
	GlobalSection(ProjectConfigurationPlatforms) = postSolution
		{3AB099FB-585C-4BE2-B5DF-A5EDE6C58A30}.Debug|Any CPU.ActiveCfg = Debug|Any CPU
		{3AB099FB-585C-4BE2-B5DF-A5EDE6C58A30}.Debug|Any CPU.Build.0 = Debug|Any CPU
		{3AB099FB-585C-4BE2-B5DF-A5EDE6C58A30}.Release|Any CPU.ActiveCfg = Release|Any CPU
		{3AB099FB-585C-4BE2-B5DF-A5EDE6C58A30}.Release|Any CPU.Build.0 = Release|Any CPU
		{E7CC5ED3-6FBE-47C6-978D-5614810D05BA}.Debug|Any CPU.ActiveCfg = Debug|Any CPU
		{E7CC5ED3-6FBE-47C6-978D-5614810D05BA}.Debug|Any CPU.Build.0 = Debug|Any CPU
		{E7CC5ED3-6FBE-47C6-978D-5614810D05BA}.Release|Any CPU.ActiveCfg = Release|Any CPU
		{E7CC5ED3-6FBE-47C6-978D-5614810D05BA}.Release|Any CPU.Build.0 = Release|Any CPU
		{52163168-5AFC-4437-93D2-51B58EEEA682}.Debug|Any CPU.ActiveCfg = Debug|Any CPU
		{52163168-5AFC-4437-93D2-51B58EEEA682}.Debug|Any CPU.Build.0 = Debug|Any CPU
		{52163168-5AFC-4437-93D2-51B58EEEA682}.Release|Any CPU.ActiveCfg = Release|Any CPU
		{52163168-5AFC-4437-93D2-51B58EEEA682}.Release|Any CPU.Build.0 = Release|Any CPU
		{B508C3E1-4011-4F38-9266-FACBCED7FA82}.Debug|Any CPU.ActiveCfg = Debug|Any CPU
		{B508C3E1-4011-4F38-9266-FACBCED7FA82}.Debug|Any CPU.Build.0 = Debug|Any CPU
		{B508C3E1-4011-4F38-9266-FACBCED7FA82}.Release|Any CPU.ActiveCfg = Release|Any CPU
		{B508C3E1-4011-4F38-9266-FACBCED7FA82}.Release|Any CPU.Build.0 = Release|Any CPU
	EndGlobalSection
	GlobalSection(SolutionProperties) = preSolution
		HideSolutionNode = FALSE
	EndGlobalSection
	GlobalSection(ExtensibilityGlobals) = postSolution
		SolutionGuid = {E8C25211-1B8D-400C-AAC5-1D0C8BE78F82}
	EndGlobalSection
EndGlobal
